# This file is automatically @generated by Poetry 1.5.1 and should not be changed by hand.

[[package]]
name = "atomicwrites"
version = "1.2.1"
description = "Atomic file writes."
optional = false
python-versions = ">=2.7, !=3.0.*, !=3.1.*, !=3.2.*, !=3.3.*"
files = [
    {file = "atomicwrites-1.2.1-py2.py3-none-any.whl", hash = "sha256:0312ad34fcad8fac3704d441f7b317e50af620823353ec657a53e981f92920c0"},
    {file = "atomicwrites-1.2.1.tar.gz", hash = "sha256:ec9ae8adaae229e4f8446952d204a3e4b5fdd2d099f9be3aaf556120135fb3ee"},
]

[[package]]
name = "attrs"
version = "18.2.0"
description = "Classes Without Boilerplate"
optional = false
python-versions = "*"
files = [
    {file = "attrs-18.2.0-py2.py3-none-any.whl", hash = "sha256:ca4be454458f9dec299268d472aaa5a11f67a4ff70093396e1ceae9c76cf4bbb"},
    {file = "attrs-18.2.0.tar.gz", hash = "sha256:10cbf6e27dbce8c30807caf056c8eb50917e0eaafe86347671b57254006c3e69"},
]

[package.extras]
dev = ["coverage", "hypothesis", "pre-commit", "pympler", "pytest", "six", "sphinx", "zope.interface", "zope.interface"]
docs = ["sphinx", "zope.interface"]
tests = ["coverage", "hypothesis", "pympler", "pytest", "six", "zope.interface"]

[[package]]
name = "click"
version = "7.0"
description = "Composable command line interface toolkit"
optional = false
python-versions = ">=2.7, !=3.0.*, !=3.1.*, !=3.2.*, !=3.3.*"
files = [
    {file = "Click-7.0-py2.py3-none-any.whl", hash = "sha256:2335065e6395b9e67ca716de5f7526736bfa6ceead690adf616d925bdc622b13"},
    {file = "Click-7.0.tar.gz", hash = "sha256:5b94b49521f6456670fdb30cd82a4eca9412788a93fa6dd6df72c94d5a8ff2d7"},
]

[[package]]
name = "colorama"
version = "0.4.1"
description = "Cross-platform colored terminal text."
optional = false
python-versions = ">=2.7, !=3.0.*, !=3.1.*, !=3.2.*, !=3.3.*"
files = [
    {file = "colorama-0.4.1-py2.py3-none-any.whl", hash = "sha256:f8ac84de7840f5b9c4e3347b3c1eaa50f7e49c2b07596221daec5edaabbd7c48"},
    {file = "colorama-0.4.1.tar.gz", hash = "sha256:05eed71e2e327246ad6b38c540c4a3117230b19679b875190486ddd2d721422d"},
]

[[package]]
name = "jinja2"
version = "2.10"
description = "A small but fast and easy to use stand-alone template engine written in pure python."
optional = false
python-versions = "*"
files = [
    {file = "Jinja2-2.10-py2.py3-none-any.whl", hash = "sha256:74c935a1b8bb9a3947c50a54766a969d4846290e1e788ea44c1392163723c3bd"},
    {file = "Jinja2-2.10.tar.gz", hash = "sha256:f84be1bb0040caca4cea721fcbbbbd61f9be9464ca236387158b0feea01914a4"},
]

[package.dependencies]
MarkupSafe = ">=0.23"

[package.extras]
i18n = ["Babel (>=0.8)"]

[[package]]
name = "livereload"
version = "2.6.0"
description = "Python LiveReload is an awesome tool for web developers"
optional = false
python-versions = "*"
files = [
    {file = "livereload-2.6.0-py2.py3-none-any.whl", hash = "sha256:29cadfabcedd12eed792e0131991235b9d4764d4474bed75cf525f57109ec0a2"},
    {file = "livereload-2.6.0.tar.gz", hash = "sha256:e632a6cd1d349155c1d7f13a65be873b38f43ef02961804a1bba8d817fa649a7"},
]

[package.dependencies]
six = "*"
tornado = "*"

[[package]]
name = "markdown"
version = "3.0.1"
description = "Python implementation of Markdown."
optional = false
python-versions = ">=2.7,!=3.0.*,!=3.1.*,!=3.2.*,!=3.3.*"
files = [
    {file = "Markdown-3.0.1-py2.py3-none-any.whl", hash = "sha256:c00429bd503a47ec88d5e30a751e147dcb4c6889663cd3e2ba0afe858e009baa"},
    {file = "Markdown-3.0.1.tar.gz", hash = "sha256:d02e0f9b04c500cde6637c11ad7c72671f359b87b9fe924b2383649d8841db7c"},
]

[[package]]
name = "markupsafe"
version = "1.1.0"
description = "Safely add untrusted strings to HTML/XML markup."
optional = false
python-versions = ">=2.7,!=3.0.*,!=3.1.*,!=3.2.*,!=3.3.*"
files = [
    {file = "MarkupSafe-1.1.0-cp27-cp27m-macosx_10_6_intel.whl", hash = "sha256:efdc45ef1afc238db84cb4963aa689c0408912a0239b0721cb172b4016eb31d6"},
    {file = "MarkupSafe-1.1.0-cp27-cp27m-manylinux1_i686.whl", hash = "sha256:52ccb45e77a1085ec5461cde794e1aa037df79f473cbc69b974e73940655c8d7"},
    {file = "MarkupSafe-1.1.0-cp27-cp27m-manylinux1_x86_64.whl", hash = "sha256:525396ee324ee2da82919f2ee9c9e73b012f23e7640131dd1b53a90206a0f09c"},
    {file = "MarkupSafe-1.1.0-cp27-cp27m-win32.whl", hash = "sha256:31cbb1359e8c25f9f48e156e59e2eaad51cd5242c05ed18a8de6dbe85184e4b7"},
    {file = "MarkupSafe-1.1.0-cp27-cp27m-win_amd64.whl", hash = "sha256:edce2ea7f3dfc981c4ddc97add8a61381d9642dc3273737e756517cc03e84dd6"},
    {file = "MarkupSafe-1.1.0-cp27-cp27mu-manylinux1_i686.whl", hash = "sha256:5c3fbebd7de20ce93103cb3183b47671f2885307df4a17a0ad56a1dd51273d36"},
    {file = "MarkupSafe-1.1.0-cp27-cp27mu-manylinux1_x86_64.whl", hash = "sha256:f82e347a72f955b7017a39708a3667f106e6ad4d10b25f237396a7115d8ed5fd"},
    {file = "MarkupSafe-1.1.0-cp34-cp34m-macosx_10_6_intel.whl", hash = "sha256:19f637c2ac5ae9da8bfd98cef74d64b7e1bb8a63038a3505cd182c3fac5eb4d9"},
    {file = "MarkupSafe-1.1.0-cp34-cp34m-manylinux1_i686.whl", hash = "sha256:98e439297f78fca3a6169fd330fbe88d78b3bb72f967ad9961bcac0d7fdd1550"},
    {file = "MarkupSafe-1.1.0-cp34-cp34m-manylinux1_x86_64.whl", hash = "sha256:fb7c206e01ad85ce57feeaaa0bf784b97fa3cad0d4a5737bc5295785f5c613a1"},
    {file = "MarkupSafe-1.1.0-cp34-cp34m-win32.whl", hash = "sha256:1fa6058938190ebe8290e5cae6c351e14e7bb44505c4a7624555ce57fbbeba0d"},
    {file = "MarkupSafe-1.1.0-cp34-cp34m-win_amd64.whl", hash = "sha256:e982fe07ede9fada6ff6705af70514a52beb1b2c3d25d4e873e82114cf3c5401"},
    {file = "MarkupSafe-1.1.0-cp35-cp35m-macosx_10_6_intel.whl", hash = "sha256:5e5851969aea17660e55f6a3be00037a25b96a9b44d2083651812c99d53b14d1"},
    {file = "MarkupSafe-1.1.0-cp35-cp35m-manylinux1_i686.whl", hash = "sha256:f137c02498f8b935892d5c0172560d7ab54bc45039de8805075e19079c639a9c"},
    {file = "MarkupSafe-1.1.0-cp35-cp35m-manylinux1_x86_64.whl", hash = "sha256:3e835d8841ae7863f64e40e19477f7eb398674da6a47f09871673742531e6f4b"},
    {file = "MarkupSafe-1.1.0-cp35-cp35m-win32.whl", hash = "sha256:5edfa27b2d3eefa2210fb2f5d539fbed81722b49f083b2c6566455eb7422fd7e"},
    {file = "MarkupSafe-1.1.0-cp35-cp35m-win_amd64.whl", hash = "sha256:857eebb2c1dc60e4219ec8e98dfa19553dae33608237e107db9c6078b1167856"},
    {file = "MarkupSafe-1.1.0-cp36-cp36m-macosx_10_6_intel.whl", hash = "sha256:bf54103892a83c64db58125b3f2a43df6d2cb2d28889f14c78519394feb41492"},
    {file = "MarkupSafe-1.1.0-cp36-cp36m-manylinux1_i686.whl", hash = "sha256:048ef924c1623740e70204aa7143ec592504045ae4429b59c30054cb31e3c432"},
    {file = "MarkupSafe-1.1.0-cp36-cp36m-manylinux1_x86_64.whl", hash = "sha256:83381342bfc22b3c8c06f2dd93a505413888694302de25add756254beee8449c"},
    {file = "MarkupSafe-1.1.0-cp36-cp36m-win32.whl", hash = "sha256:130f844e7f5bdd8e9f3f42e7102ef1d49b2e6fdf0d7526df3f87281a532d8c8b"},
    {file = "MarkupSafe-1.1.0-cp36-cp36m-win_amd64.whl", hash = "sha256:52b07fbc32032c21ad4ab060fec137b76eb804c4b9a1c7c7dc562549306afad2"},
    {file = "MarkupSafe-1.1.0-cp37-cp37m-macosx_10_6_intel.whl", hash = "sha256:1f19ef5d3908110e1e891deefb5586aae1b49a7440db952454b4e281b41620cd"},
    {file = "MarkupSafe-1.1.0-cp37-cp37m-manylinux1_i686.whl", hash = "sha256:1b8a7a87ad1b92bd887568ce54b23565f3fd7018c4180136e1cf412b405a47af"},
    {file = "MarkupSafe-1.1.0-cp37-cp37m-manylinux1_x86_64.whl", hash = "sha256:d9ac82be533394d341b41d78aca7ed0e0f4ba5a2231602e2f05aa87f25c51672"},
    {file = "MarkupSafe-1.1.0-cp37-cp37m-win32.whl", hash = "sha256:1c25694ca680b6919de53a4bb3bdd0602beafc63ff001fea2f2fc16ec3a11834"},
    {file = "MarkupSafe-1.1.0-cp37-cp37m-win_amd64.whl", hash = "sha256:7d263e5770efddf465a9e31b78362d84d015cc894ca2c131901a4445eaa61ee1"},
    {file = "MarkupSafe-1.1.0.tar.gz", hash = "sha256:4e97332c9ce444b0c2c38dd22ddc61c743eb208d916e4265a2a3b575bdccb1d3"},
]

[[package]]
name = "mkdocs"
version = "1.0.4"
description = "Project documentation with Markdown."
optional = false
python-versions = ">=2.7.9,!=3.0.*,!=3.1.*,!=3.2.*,!=3.3.*"
files = [
    {file = "mkdocs-1.0.4-py2.py3-none-any.whl", hash = "sha256:8cc8b38325456b9e942c981a209eaeb1e9f3f77b493ad755bfef889b9c8d356a"},
    {file = "mkdocs-1.0.4.tar.gz", hash = "sha256:17d34329aad75d5de604b9ed4e31df3a4d235afefdc46ce7b1964fddb2e1e939"},
]

[package.dependencies]
click = ">=3.3"
Jinja2 = ">=2.7.1"
livereload = ">=2.5.1"
Markdown = ">=2.3.1"
PyYAML = ">=3.10"
tornado = ">=5.0"

[[package]]
name = "mkdocs-material"
version = "3.2.0"
description = "A Material Design theme for MkDocs"
optional = false
python-versions = "*"
files = [
    {file = "mkdocs-material-3.2.0.tar.gz", hash = "sha256:62ae84082fa9f077c86b7db63e7bedf392005041b451defc850f8d0887a11e91"},
    {file = "mkdocs_material-3.2.0-py2.py3-none-any.whl", hash = "sha256:524debb6ee8ee89cee08886f2a67c3c3875c0ee9579c598d7448cbd2607cd3b7"},
]

[package.dependencies]
mkdocs = ">=1"
Pygments = ">=2.2"
pymdown-extensions = ">=4.11"

[[package]]
name = "more-itertools"
version = "5.0.0"
description = "More routines for operating on iterables, beyond itertools"
optional = false
python-versions = "*"
files = [
    {file = "more-itertools-5.0.0.tar.gz", hash = "sha256:38a936c0a6d98a38bcc2d03fdaaedaba9f412879461dd2ceff8d37564d6522e4"},
    {file = "more_itertools-5.0.0-py2-none-any.whl", hash = "sha256:c0a5785b1109a6bd7fac76d6837fd1feca158e54e521ccd2ae8bfe393cc9d4fc"},
    {file = "more_itertools-5.0.0-py3-none-any.whl", hash = "sha256:fe7a7cae1ccb57d33952113ff4fa1bc5f879963600ed74918f1236e212ee50b9"},
]

[package.dependencies]
six = ">=1.0.0,<2.0.0"

[[package]]
name = "pluggy"
version = "0.8.0"
description = "plugin and hook calling mechanisms for python"
optional = false
python-versions = ">=2.7, !=3.0.*, !=3.1.*, !=3.2.*, !=3.3.*"
files = [
    {file = "pluggy-0.8.0-py2.py3-none-any.whl", hash = "sha256:bde19360a8ec4dfd8a20dcb811780a30998101f078fc7ded6162f0076f50508f"},
    {file = "pluggy-0.8.0.tar.gz", hash = "sha256:447ba94990e8014ee25ec853339faf7b0fc8050cdc3289d4d71f7f410fb90095"},
]

[package.extras]
dev = ["pre-commit", "tox"]

[[package]]
name = "py"
version = "1.7.0"
description = "library with cross-python path, ini-parsing, io, code, log facilities"
optional = false
python-versions = ">=2.7, !=3.0.*, !=3.1.*, !=3.2.*, !=3.3.*"
files = [
    {file = "py-1.7.0-py2.py3-none-any.whl", hash = "sha256:e76826342cefe3c3d5f7e8ee4316b80d1dd8a300781612ddbc765c17ba25a6c6"},
    {file = "py-1.7.0.tar.gz", hash = "sha256:bf92637198836372b520efcba9e020c330123be8ce527e535d185ed4b6f45694"},
]

[[package]]
name = "pygments"
version = "2.15.0"
description = "Pygments is a syntax highlighting package written in Python."
optional = false
python-versions = ">=3.7"
files = [
    {file = "Pygments-2.15.0-py3-none-any.whl", hash = "sha256:77a3299119af881904cd5ecd1ac6a66214b6e9bed1f2db16993b54adede64094"},
    {file = "Pygments-2.15.0.tar.gz", hash = "sha256:f7e36cffc4c517fbc252861b9a6e4644ca0e5abadf9a113c72d1358ad09b9500"},
]

[package.extras]
plugins = ["importlib-metadata"]

[[package]]
name = "pymdown-extensions"
version = "6.0"
description = "Extension pack for Python Markdown."
optional = false
python-versions = "*"
files = [
    {file = "pymdown-extensions-6.0.tar.gz", hash = "sha256:6cf0cf36b5a03b291ace22dc2f320f4789ce56fbdb6635a3be5fadbf5d7694dd"},
    {file = "pymdown_extensions-6.0-py2.py3-none-any.whl", hash = "sha256:25b0a7967fa697b5035e23340a48594e3e93acb10b06d74574218ace3347d1df"},
]

[package.dependencies]
Markdown = ">=3.0.1"

[[package]]
name = "pytest"
version = "3.10.1"
description = "pytest: simple powerful testing with Python"
optional = false
python-versions = ">=2.7, !=3.0.*, !=3.1.*, !=3.2.*, !=3.3.*"
files = [
    {file = "pytest-3.10.1-py2.py3-none-any.whl", hash = "sha256:3f193df1cfe1d1609d4c583838bea3d532b18d6160fd3f55c9447fdca30848ec"},
    {file = "pytest-3.10.1.tar.gz", hash = "sha256:e246cf173c01169b9617fc07264b7b1316e78d7a650055235d6d897bc80d9660"},
]

[package.dependencies]
atomicwrites = ">=1.0"
attrs = ">=17.4.0"
colorama = {version = "*", markers = "sys_platform == \"win32\""}
more-itertools = ">=4.0.0"
pluggy = ">=0.7"
py = ">=1.5.0"
setuptools = "*"
six = ">=1.10.0"

[[package]]
name = "pyyaml"
version = "3.13"
description = "YAML parser and emitter for Python"
optional = false
python-versions = "*"
files = [
    {file = "PyYAML-3.13-cp27-cp27m-win32.whl", hash = "sha256:d5eef459e30b09f5a098b9cea68bebfeb268697f78d647bd255a085371ac7f3f"},
    {file = "PyYAML-3.13-cp27-cp27m-win_amd64.whl", hash = "sha256:e01d3203230e1786cd91ccfdc8f8454c8069c91bee3962ad93b87a4b2860f537"},
    {file = "PyYAML-3.13-cp34-cp34m-win32.whl", hash = "sha256:558dd60b890ba8fd982e05941927a3911dc409a63dcb8b634feaa0cda69330d3"},
    {file = "PyYAML-3.13-cp34-cp34m-win_amd64.whl", hash = "sha256:d46d7982b62e0729ad0175a9bc7e10a566fc07b224d2c79fafb5e032727eaa04"},
    {file = "PyYAML-3.13-cp35-cp35m-win32.whl", hash = "sha256:a7c28b45d9f99102fa092bb213aa12e0aaf9a6a1f5e395d36166639c1f96c3a1"},
    {file = "PyYAML-3.13-cp35-cp35m-win_amd64.whl", hash = "sha256:bc558586e6045763782014934bfaf39d48b8ae85a2713117d16c39864085c613"},
    {file = "PyYAML-3.13-cp36-cp36m-win32.whl", hash = "sha256:40c71b8e076d0550b2e6380bada1f1cd1017b882f7e16f09a65be98e017f211a"},
    {file = "PyYAML-3.13-cp36-cp36m-win_amd64.whl", hash = "sha256:3d7da3009c0f3e783b2c873687652d83b1bbfd5c88e9813fb7e5b03c0dd3108b"},
    {file = "PyYAML-3.13-cp37-cp37m-win32.whl", hash = "sha256:e170a9e6fcfd19021dd29845af83bb79236068bf5fd4df3327c1be18182b2531"},
    {file = "PyYAML-3.13-cp37-cp37m-win_amd64.whl", hash = "sha256:aa7dd4a6a427aed7df6fb7f08a580d68d9b118d90310374716ae90b710280af1"},
    {file = "PyYAML-3.13.tar.gz", hash = "sha256:3ef3092145e9b70e3ddd2c7ad59bdd0252a94dfe3949721633e41344de00a6bf"},
]

[[package]]
name = "setuptools"
version = "68.0.0"
description = "Easily download, build, install, upgrade, and uninstall Python packages"
optional = false
python-versions = ">=3.7"
files = [
    {file = "setuptools-68.0.0-py3-none-any.whl", hash = "sha256:11e52c67415a381d10d6b462ced9cfb97066179f0e871399e006c4ab101fc85f"},
    {file = "setuptools-68.0.0.tar.gz", hash = "sha256:baf1fdb41c6da4cd2eae722e135500da913332ab3f2f5c7d33af9b492acb5235"},
]

[package.extras]
docs = ["furo", "jaraco.packaging (>=9)", "jaraco.tidelift (>=1.4)", "pygments-github-lexers (==0.0.5)", "rst.linker (>=1.9)", "sphinx (>=3.5)", "sphinx-favicon", "sphinx-hoverxref (<2)", "sphinx-inline-tabs", "sphinx-lint", "sphinx-notfound-page (==0.8.3)", "sphinx-reredirects", "sphinxcontrib-towncrier"]
testing = ["build[virtualenv]", "filelock (>=3.4.0)", "flake8-2020", "ini2toml[lite] (>=0.9)", "jaraco.envs (>=2.2)", "jaraco.path (>=3.2.0)", "pip (>=19.1)", "pip-run (>=8.8)", "pytest (>=6)", "pytest-black (>=0.3.7)", "pytest-checkdocs (>=2.4)", "pytest-cov", "pytest-enabler (>=1.3)", "pytest-mypy (>=0.9.1)", "pytest-perf", "pytest-ruff", "pytest-timeout", "pytest-xdist", "tomli-w (>=1.0.0)", "virtualenv (>=13.0.0)", "wheel"]
testing-integration = ["build[virtualenv]", "filelock (>=3.4.0)", "jaraco.envs (>=2.2)", "jaraco.path (>=3.2.0)", "pytest", "pytest-enabler", "pytest-xdist", "tomli", "virtualenv (>=13.0.0)", "wheel"]

[[package]]
name = "six"
version = "1.12.0"
description = "Python 2 and 3 compatibility utilities"
optional = false
python-versions = ">=2.6, !=3.0.*, !=3.1.*"
files = [
    {file = "six-1.12.0-py2.py3-none-any.whl", hash = "sha256:3350809f0555b11f552448330d0b52d5f24c91a322ea4a15ef22629740f3761c"},
    {file = "six-1.12.0.tar.gz", hash = "sha256:d16a0141ec1a18405cd4ce8b4613101da75da0e9a7aec5bdd4fa804d0e0eba73"},
]

[[package]]
name = "tornado"
version = "5.1.1"
description = "Tornado is a Python web framework and asynchronous networking library, originally developed at FriendFeed."
optional = false
python-versions = ">= 2.7, !=3.0.*, !=3.1.*, !=3.2.*, != 3.3.*"
files = [
    {file = "tornado-5.1.1-cp35-cp35m-win32.whl", hash = "sha256:732e836008c708de2e89a31cb2fa6c0e5a70cb60492bee6f1ea1047500feaf7f"},
    {file = "tornado-5.1.1-cp35-cp35m-win_amd64.whl", hash = "sha256:0662d28b1ca9f67108c7e3b77afabfb9c7e87bde174fbda78186ecedc2499a9d"},
    {file = "tornado-5.1.1-cp36-cp36m-win32.whl", hash = "sha256:8154ec22c450df4e06b35f131adc4f2f3a12ec85981a203301d310abf580500f"},
    {file = "tornado-5.1.1-cp36-cp36m-win_amd64.whl", hash = "sha256:d4b3e5329f572f055b587efc57d29bd051589fb5a43ec8898c77a47ec2fa2bbb"},
    {file = "tornado-5.1.1-cp37-cp37m-win32.whl", hash = "sha256:e5f2585afccbff22390cddac29849df463b252b711aa2ce7c5f3f342a5b3b444"},
    {file = "tornado-5.1.1-cp37-cp37m-win_amd64.whl", hash = "sha256:8e9d728c4579682e837c92fdd98036bd5cdefa1da2aaf6acf26947e6dd0c01c5"},
    {file = "tornado-5.1.1.tar.gz", hash = "sha256:4e5158d97583502a7e2739951553cbd88a72076f152b4b11b64b9a10c4c49409"},
]

[metadata]
lock-version = "2.0"
python-versions = "^3.7"
content-hash = "dc8bccc34150fe8e8883a5a37a8f876c861afa031386b4ecb928673ec37829c9"
